
Microsoft Visual Studio Solution File, Format Version 12.00
# Visual Studio Version 17
VisualStudioVersion = 17.6.33723.286
MinimumVisualStudioVersion = 10.0.40219.1
Project("{FAE04EC0-301F-11D3-BF4B-00C04F79EFBC}") = "AAD-LDAP_Backend", "AAD-LDAP_Backend\AAD-LDAP_Backend.csproj", "{035A2111-184F-449A-8BB9-241846BF7E46}"
EndProject
Global
	GlobalSection(SolutionConfigurationPlatforms) = preSolution
		Debug|Any CPU = Debug|Any CPU
		Release|Any CPU = Release|Any CPU
	EndGlobalSection
	GlobalSection(ProjectConfigurationPlatforms) = postSolution
		{035A2111-184F-449A-8BB9-241846BF7E46}.Debug|Any CPU.ActiveCfg = Debug|Any CPU
		{035A2111-184F-449A-8BB9-241846BF7E46}.Debug|Any CPU.Build.0 = Debug|Any CPU
		{035A2111-184F-449A-8BB9-241846BF7E46}.Release|Any CPU.ActiveCfg = Release|Any CPU
		{035A2111-184F-449A-8BB9-241846BF7E46}.Release|Any CPU.Build.0 = Release|Any CPU
	EndGlobalSection
	GlobalSection(SolutionProperties) = preSolution
		HideSolutionNode = FALSE
	EndGlobalSection
	GlobalSection(ExtensibilityGlobals) = postSolution
		SolutionGuid = {20C9FF22-3EBC-4930-9A1C-93074F3CA2BD}
	EndGlobalSection
EndGlobal
